
Microsoft Visual Studio Solution File, Format Version 12.00
# Visual Studio Version 17
VisualStudioVersion = 17.5.33414.496
MinimumVisualStudioVersion = 10.0.40219.1
Project("{FAE04EC0-301F-11D3-BF4B-00C04F79EFBC}") = "SecurityDemo", "SecurityDemo.csproj", "{633F8394-EF93-4195-9677-B398A108A329}"
EndProject
Global
	GlobalSection(SolutionConfigurationPlatforms) = preSolution
		Debug|Any CPU = Debug|Any CPU
		Release|Any CPU = Release|Any CPU
	EndGlobalSection
	GlobalSection(ProjectConfigurationPlatforms) = postSolution
		{633F8394-EF93-4195-9677-B398A108A329}.Debug|Any CPU.ActiveCfg = Debug|Any CPU
		{633F8394-EF93-4195-9677-B398A108A329}.Debug|Any CPU.Build.0 = Debug|Any CPU
		{633F8394-EF93-4195-9677-B398A108A329}.Release|Any CPU.ActiveCfg = Release|Any CPU
		{633F8394-EF93-4195-9677-B398A108A329}.Release|Any CPU.Build.0 = Release|Any CPU
	EndGlobalSection
	GlobalSection(SolutionProperties) = preSolution
		HideSolutionNode = FALSE
	EndGlobalSection
	GlobalSection(ExtensibilityGlobals) = postSolution
		SolutionGuid = {E2D21938-5886-4C32-B3ED-3FCD2253A60A}
	EndGlobalSection
EndGlobal
